// !$*UTF8*$!
{
	archiveVersion = 1;
	classes = {
	};
	objectVersion = 56;
	objects = {

/* Begin PBXBuildFile section */
		062B2A6F2CB1AFBD00AD6720 /* exoApp.swift in Sources */ = {isa = PBXBuildFile; fileRef = 062B2A6E2CB1AFBD00AD6720 /* exoApp.swift */; };
		062B2A712CB1AFBD00AD6720 /* ContentView.swift in Sources */ = {isa = PBXBuildFile; fileRef = 062B2A702CB1AFBD00AD6720 /* ContentView.swift */; };
		062B2A732CB1AFBE00AD6720 /* Assets.xcassets in Resources */ = {isa = PBXBuildFile; fileRef = 062B2A722CB1AFBE00AD6720 /* Assets.xcassets */; };
		062B2A762CB1AFBE00AD6720 /* Preview Assets.xcassets in Resources */ = {isa = PBXBuildFile; fileRef = 062B2A752CB1AFBE00AD6720 /* Preview Assets.xcassets */; };
		062B2A7B2CB1AFBE00AD6720 /* exo.xcdatamodeld in Sources */ = {isa = PBXBuildFile; fileRef = 062B2A792CB1AFBE00AD6720 /* exo.xcdatamodeld */; };
		062B2A822CB1B06300AD6720 /* sistema.swift in Sources */ = {isa = PBXBuildFile; fileRef = 062B2A812CB1B06300AD6720 /* sistema.swift */; };
		062B2A842CB1B09F00AD6720 /* galaxia.swift in Sources */ = {isa = PBXBuildFile; fileRef = 062B2A832CB1B09F00AD6720 /* galaxia.swift */; };
		062B2A862CB1B0EE00AD6720 /* Circle image.swift in Sources */ = {isa = PBXBuildFile; fileRef = 062B2A852CB1B0EE00AD6720 /* Circle image.swift */; };
/* End PBXBuildFile section */

/* Begin PBXFileReference section */
		062B2A6B2CB1AFBD00AD6720 /* Introducción de la aplicación.app */ = {isa = PBXFileReference; explicitFileType = wrapper.application; includeInIndex = 0; path = "Introducción de la aplicación.app"; sourceTree = BUILT_PRODUCTS_DIR; };
		062B2A6E2CB1AFBD00AD6720 /* exoApp.swift */ = {isa = PBXFileReference; lastKnownFileType = sourcecode.swift; path = exoApp.swift; sourceTree = "<group>"; };
		062B2A702CB1AFBD00AD6720 /* ContentView.swift */ = {isa = PBXFileReference; lastKnownFileType = sourcecode.swift; path = ContentView.swift; sourceTree = "<group>"; };
		062B2A722CB1AFBE00AD6720 /* Assets.xcassets */ = {isa = PBXFileReference; lastKnownFileType = folder.assetcatalog; path = Assets.xcassets; sourceTree = "<group>"; };
		062B2A752CB1AFBE00AD6720 /* Preview Assets.xcassets */ = {isa = PBXFileReference; lastKnownFileType = folder.assetcatalog; path = "Preview Assets.xcassets"; sourceTree = "<group>"; };
		062B2A7A2CB1AFBE00AD6720 /* exo.xcdatamodel */ = {isa = PBXFileReference; lastKnownFileType = wrapper.xcdatamodel; path = exo.xcdatamodel; sourceTree = "<group>"; };
		062B2A812CB1B06300AD6720 /* sistema.swift */ = {isa = PBXFileReference; lastKnownFileType = sourcecode.swift; path = sistema.swift; sourceTree = "<group>"; };
		062B2A832CB1B09F00AD6720 /* galaxia.swift */ = {isa = PBXFileReference; lastKnownFileType = sourcecode.swift; path = galaxia.swift; sourceTree = "<group>"; };
		062B2A852CB1B0EE00AD6720 /* Circle image.swift */ = {isa = PBXFileReference; lastKnownFileType = sourcecode.swift; path = "Circle image.swift"; sourceTree = "<group>"; };
/* End PBXFileReference section */

/* Begin PBXFrameworksBuildPhase section */
		062B2A682CB1AFBD00AD6720 /* Frameworks */ = {
			isa = PBXFrameworksBuildPhase;
			buildActionMask = 2147483647;
			files = (
			);
			runOnlyForDeploymentPostprocessing = 0;
		};
/* End PBXFrameworksBuildPhase section */

/* Begin PBXGroup section */
		062B2A622CB1AFBD00AD6720 = {
			isa = PBXGroup;
			children = (
				062B2A6D2CB1AFBD00AD6720 /* exo */,
				062B2A6C2CB1AFBD00AD6720 /* Products */,
			);
			sourceTree = "<group>";
		};
		062B2A6C2CB1AFBD00AD6720 /* Products */ = {
			isa = PBXGroup;
			children = (
				062B2A6B2CB1AFBD00AD6720 /* Introducción de la aplicación.app */,
			);
			name = Products;
			sourceTree = "<group>";
		};
		062B2A6D2CB1AFBD00AD6720 /* exo */ = {
			isa = PBXGroup;
			children = (
				062B2A6E2CB1AFBD00AD6720 /* exoApp.swift */,
				062B2A702CB1AFBD00AD6720 /* ContentView.swift */,
				062B2A812CB1B06300AD6720 /* sistema.swift */,
				062B2A832CB1B09F00AD6720 /* galaxia.swift */,
				062B2A722CB1AFBE00AD6720 /* Assets.xcassets */,
				062B2A852CB1B0EE00AD6720 /* Circle image.swift */,
				062B2A792CB1AFBE00AD6720 /* exo.xcdatamodeld */,
				062B2A742CB1AFBE00AD6720 /* Preview Content */,
			);
			path = exo;
			sourceTree = "<group>";
		};
		062B2A742CB1AFBE00AD6720 /* Preview Content */ = {
			isa = PBXGroup;
			children = (
				062B2A752CB1AFBE00AD6720 /* Preview Assets.xcassets */,
			);
			path = "Preview Content";
			sourceTree = "<group>";
		};
/* End PBXGroup section */

/* Begin PBXNativeTarget section */
		062B2A6A2CB1AFBD00AD6720 /* Introducción de la aplicación */ = {
			isa = PBXNativeTarget;
			buildConfigurationList = 062B2A7E2CB1AFBE00AD6720 /* Build configuration list for PBXNativeTarget "Introducción de la aplicación" */;
			buildPhases = (
				062B2A672CB1AFBD00AD6720 /* Sources */,
				062B2A682CB1AFBD00AD6720 /* Frameworks */,
				062B2A692CB1AFBD00AD6720 /* Resources */,
			);
			buildRules = (
			);
			dependencies = (
			);
			name = "Introducción de la aplicación";
			productName = exo;
			productReference = 062B2A6B2CB1AFBD00AD6720 /* Introducción de la aplicación.app */;
			productType = "com.apple.product-type.application";
		};
/* End PBXNativeTarget section */

/* Begin PBXProject section */
		062B2A632CB1AFBD00AD6720 /* Project object */ = {
			isa = PBXProject;
			attributes = {
				BuildIndependentTargetsInParallel = 1;
				LastSwiftUpdateCheck = 1520;
				LastUpgradeCheck = 1520;
				TargetAttributes = {
					062B2A6A2CB1AFBD00AD6720 = {
						CreatedOnToolsVersion = 15.2;
					};
				};
			};
			buildConfigurationList = 062B2A662CB1AFBD00AD6720 /* Build configuration list for PBXProject "Introducción de la aplicación" */;
			compatibilityVersion = "Xcode 14.0";
			developmentRegion = en;
			hasScannedForEncodings = 0;
			knownRegions = (
				en,
				Base,
			);
			mainGroup = 062B2A622CB1AFBD00AD6720;
			productRefGroup = 062B2A6C2CB1AFBD00AD6720 /* Products */;
			projectDirPath = "";
			projectRoot = "";
			targets = (
				062B2A6A2CB1AFBD00AD6720 /* Introducción de la aplicación */,
			);
		};
/* End PBXProject section */

/* Begin PBXResourcesBuildPhase section */
		062B2A692CB1AFBD00AD6720 /* Resources */ = {
			isa = PBXResourcesBuildPhase;
			buildActionMask = 2147483647;
			files = (
				062B2A762CB1AFBE00AD6720 /* Preview Assets.xcassets in Resources */,
				062B2A732CB1AFBE00AD6720 /* Assets.xcassets in Resources */,
			);
			runOnlyForDeploymentPostprocessing = 0;
		};
/* End PBXResourcesBuildPhase section */

/* Begin PBXSourcesBuildPhase section */
		062B2A672CB1AFBD00AD6720 /* Sources */ = {
			isa = PBXSourcesBuildPhase;
			buildActionMask = 2147483647;
			files = (
				062B2A7B2CB1AFBE00AD6720 /* exo.xcdatamodeld in Sources */,
				062B2A822CB1B06300AD6720 /* sistema.swift in Sources */,
				062B2A842CB1B09F00AD6720 /* galaxia.swift in Sources */,
				062B2A712CB1AFBD00AD6720 /* ContentView.swift in Sources */,
				062B2A862CB1B0EE00AD6720 /* Circle image.swift in Sources */,
				062B2A6F2CB1AFBD00AD6720 /* exoApp.swift in Sources */,
			);
			runOnlyForDeploymentPostprocessing = 0;
		};
/* End PBXSourcesBuildPhase section */

/* Begin XCBuildConfiguration section */
		062B2A7C2CB1AFBE00AD6720 /* Debug */ = {
			isa = XCBuildConfiguration;
			buildSettings = {
				ALWAYS_SEARCH_USER_PATHS = NO;
				ASSETCATALOG_COMPILER_GENERATE_SWIFT_ASSET_SYMBOL_EXTENSIONS = YES;
				CLANG_ANALYZER_NONNULL = YES;
				CLANG_ANALYZER_NUMBER_OBJECT_CONVERSION = YES_AGGRESSIVE;
				CLANG_CXX_LANGUAGE_STANDARD = "gnu++20";
				CLANG_ENABLE_MODULES = YES;
				CLANG_ENABLE_OBJC_ARC = YES;
				CLANG_ENABLE_OBJC_WEAK = YES;
				CLANG_WARN_BLOCK_CAPTURE_AUTORELEASING = YES;
				CLANG_WARN_BOOL_CONVERSION = YES;
				CLANG_WARN_COMMA = YES;
				CLANG_WARN_CONSTANT_CONVERSION = YES;
				CLANG_WARN_DEPRECATED_OBJC_IMPLEMENTATIONS = YES;
				CLANG_WARN_DIRECT_OBJC_ISA_USAGE = YES_ERROR;
				CLANG_WARN_DOCUMENTATION_COMMENTS = YES;
				CLANG_WARN_EMPTY_BODY = YES;
				CLANG_WARN_ENUM_CONVERSION = YES;
				CLANG_WARN_INFINITE_RECURSION = YES;
				CLANG_WARN_INT_CONVERSION = YES;
				CLANG_WARN_NON_LITERAL_NULL_CONVERSION = YES;
				CLANG_WARN_OBJC_IMPLICIT_RETAIN_SELF = YES;
				CLANG_WARN_OBJC_LITERAL_CONVERSION = YES;
				CLANG_WARN_OBJC_ROOT_CLASS = YES_ERROR;
				CLANG_WARN_QUOTED_INCLUDE_IN_FRAMEWORK_HEADER = YES;
				CLANG_WARN_RANGE_LOOP_ANALYSIS = YES;
				CLANG_WARN_STRICT_PROTOTYPES = YES;
				CLANG_WARN_SUSPICIOUS_MOVE = YES;
				CLANG_WARN_UNGUARDED_AVAILABILITY = YES_AGGRESSIVE;
				CLANG_WARN_UNREACHABLE_CODE = YES;
				CLANG_WARN__DUPLICATE_METHOD_MATCH = YES;
				COPY_PHASE_STRIP = NO;
				DEBUG_INFORMATION_FORMAT = dwarf;
				ENABLE_STRICT_OBJC_MSGSEND = YES;
				ENABLE_TESTABILITY = YES;
				ENABLE_USER_SCRIPT_SANDBOXING = YES;
				GCC_C_LANGUAGE_STANDARD = gnu17;
				GCC_DYNAMIC_NO_PIC = NO;
				GCC_NO_COMMON_BLOCKS = YES;
				GCC_OPTIMIZATION_LEVEL = 0;
				GCC_PREPROCESSOR_DEFINITIONS = (
					"DEBUG=1",
					"$(inherited)",
				);
				GCC_WARN_64_TO_32_BIT_CONVERSION = YES;
				GCC_WARN_ABOUT_RETURN_TYPE = YES_ERROR;
				GCC_WARN_UNDECLARED_SELECTOR = YES;
				GCC_WARN_UNINITIALIZED_AUTOS = YES_AGGRESSIVE;
				GCC_WARN_UNUSED_FUNCTION = YES;
				GCC_WARN_UNUSED_VARIABLE = YES;
				IPHONEOS_DEPLOYMENT_TARGET = 17.2;
				LOCALIZATION_PREFERS_STRING_CATALOGS = YES;
				MTL_ENABLE_DEBUG_INFO = INCLUDE_SOURCE;
				MTL_FAST_MATH = YES;
				ONLY_ACTIVE_ARCH = YES;
				SDKROOT = iphoneos;
				SWIFT_ACTIVE_COMPILATION_CONDITIONS = "DEBUG $(inherited)";
				SWIFT_OPTIMIZATION_LEVEL = "-Onone";
			};
			name = Debug;
		};
		062B2A7D2CB1AFBE00AD6720 /* Release */ = {
			isa = XCBuildConfiguration;
			buildSettings = {
				ALWAYS_SEARCH_USER_PATHS = NO;
				ASSETCATALOG_COMPILER_GENERATE_SWIFT_ASSET_SYMBOL_EXTENSIONS = YES;
				CLANG_ANALYZER_NONNULL = YES;
				CLANG_ANALYZER_NUMBER_OBJECT_CONVERSION = YES_AGGRESSIVE;
				CLANG_CXX_LANGUAGE_STANDARD = "gnu++20";
				CLANG_ENABLE_MODULES = YES;
				CLANG_ENABLE_OBJC_ARC = YES;
				CLANG_ENABLE_OBJC_WEAK = YES;
				CLANG_WARN_BLOCK_CAPTURE_AUTORELEASING = YES;
				CLANG_WARN_BOOL_CONVERSION = YES;
				CLANG_WARN_COMMA = YES;
				CLANG_WARN_CONSTANT_CONVERSION = YES;
				CLANG_WARN_DEPRECATED_OBJC_IMPLEMENTATIONS = YES;
				CLANG_WARN_DIRECT_OBJC_ISA_USAGE = YES_ERROR;
				CLANG_WARN_DOCUMENTATION_COMMENTS = YES;
				CLANG_WARN_EMPTY_BODY = YES;
				CLANG_WARN_ENUM_CONVERSION = YES;
				CLANG_WARN_INFINITE_RECURSION = YES;
				CLANG_WARN_INT_CONVERSION = YES;
				CLANG_WARN_NON_LITERAL_NULL_CONVERSION = YES;
				CLANG_WARN_OBJC_IMPLICIT_RETAIN_SELF = YES;
				CLANG_WARN_OBJC_LITERAL_CONVERSION = YES;
				CLANG_WARN_OBJC_ROOT_CLASS = YES_ERROR;
				CLANG_WARN_QUOTED_INCLUDE_IN_FRAMEWORK_HEADER = YES;
				CLANG_WARN_RANGE_LOOP_ANALYSIS = YES;
				CLANG_WARN_STRICT_PROTOTYPES = YES;
				CLANG_WARN_SUSPICIOUS_MOVE = YES;
				CLANG_WARN_UNGUARDED_AVAILABILITY = YES_AGGRESSIVE;
				CLANG_WARN_UNREACHABLE_CODE = YES;
				CLANG_WARN__DUPLICATE_METHOD_MATCH = YES;
				COPY_PHASE_STRIP = NO;
				DEBUG_INFORMATION_FORMAT = "dwarf-with-dsym";
				ENABLE_NS_ASSERTIONS = NO;
				ENABLE_STRICT_OBJC_MSGSEND = YES;
				ENABLE_USER_SCRIPT_SANDBOXING = YES;
				GCC_C_LANGUAGE_STANDARD = gnu17;
				GCC_NO_COMMON_BLOCKS = YES;
				GCC_WARN_64_TO_32_BIT_CONVERSION = YES;
				GCC_WARN_ABOUT_RETURN_TYPE = YES_ERROR;
				GCC_WARN_UNDECLARED_SELECTOR = YES;
				GCC_WARN_UNINITIALIZED_AUTOS = YES_AGGRESSIVE;
				GCC_WARN_UNUSED_FUNCTION = YES;
				GCC_WARN_UNUSED_VARIABLE = YES;
				IPHONEOS_DEPLOYMENT_TARGET = 17.2;
				LOCALIZATION_PREFERS_STRING_CATALOGS = YES;
				MTL_ENABLE_DEBUG_INFO = NO;
				MTL_FAST_MATH = YES;
				SDKROOT = iphoneos;
				SWIFT_COMPILATION_MODE = wholemodule;
				VALIDATE_PRODUCT = YES;
			};
			name = Release;
		};
		062B2A7F2CB1AFBE00AD6720 /* Debug */ = {
			isa = XCBuildConfiguration;
			buildSettings = {
				ASSETCATALOG_COMPILER_APPICON_NAME = AppIcon;
				ASSETCATALOG_COMPILER_GLOBAL_ACCENT_COLOR_NAME = AccentColor;
				CODE_SIGN_STYLE = Automatic;
				CURRENT_PROJECT_VERSION = 1;
				DEVELOPMENT_ASSET_PATHS = "\"exo/Preview Content\"";
				DEVELOPMENT_TEAM = 6GQ782X6L6;
				ENABLE_PREVIEWS = YES;
				GENERATE_INFOPLIST_FILE = YES;
				INFOPLIST_KEY_UIApplicationSceneManifest_Generation = YES;
				INFOPLIST_KEY_UIApplicationSupportsIndirectInputEvents = YES;
				INFOPLIST_KEY_UILaunchScreen_Generation = YES;
				INFOPLIST_KEY_UISupportedInterfaceOrientations_iPad = "UIInterfaceOrientationPortrait UIInterfaceOrientationPortraitUpsideDown UIInterfaceOrientationLandscapeLeft UIInterfaceOrientationLandscapeRight";
				INFOPLIST_KEY_UISupportedInterfaceOrientations_iPhone = "UIInterfaceOrientationPortrait UIInterfaceOrientationLandscapeLeft UIInterfaceOrientationLandscapeRight";
				LD_RUNPATH_SEARCH_PATHS = (
					"$(inherited)",
					"@executable_path/Frameworks",
				);
				MARKETING_VERSION = 1.0;
				PRODUCT_BUNDLE_IDENTIFIER = aislinn.exo;
				PRODUCT_NAME = "$(TARGET_NAME)";
				SWIFT_EMIT_LOC_STRINGS = YES;
				SWIFT_VERSION = 5.0;
				TARGETED_DEVICE_FAMILY = "1,2";
			};
			name = Debug;
		};
		062B2A802CB1AFBE00AD6720 /* Release */ = {
			isa = XCBuildConfiguration;
			buildSettings = {
				ASSETCATALOG_COMPILER_APPICON_NAME = AppIcon;
				ASSETCATALOG_COMPILER_GLOBAL_ACCENT_COLOR_NAME = AccentColor;
				CODE_SIGN_STYLE = Automatic;
				CURRENT_PROJECT_VERSION = 1;
				DEVELOPMENT_ASSET_PATHS = "\"exo/Preview Content\"";
				DEVELOPMENT_TEAM = 6GQ782X6L6;
				ENABLE_PREVIEWS = YES;
				GENERATE_INFOPLIST_FILE = YES;
				INFOPLIST_KEY_UIApplicationSceneManifest_Generation = YES;
				INFOPLIST_KEY_UIApplicationSupportsIndirectInputEvents = YES;
				INFOPLIST_KEY_UILaunchScreen_Generation = YES;
				INFOPLIST_KEY_UISupportedInterfaceOrientations_iPad = "UIInterfaceOrientationPortrait UIInterfaceOrientationPortraitUpsideDown UIInterfaceOrientationLandscapeLeft UIInterfaceOrientationLandscapeRight";
				INFOPLIST_KEY_UISupportedInterfaceOrientations_iPhone = "UIInterfaceOrientationPortrait UIInterfaceOrientationLandscapeLeft UIInterfaceOrientationLandscapeRight";
				LD_RUNPATH_SEARCH_PATHS = (
					"$(inherited)",
					"@executable_path/Frameworks",
				);
				MARKETING_VERSION = 1.0;
				PRODUCT_BUNDLE_IDENTIFIER = aislinn.exo;
				PRODUCT_NAME = "$(TARGET_NAME)";
				SWIFT_EMIT_LOC_STRINGS = YES;
				SWIFT_VERSION = 5.0;
				TARGETED_DEVICE_FAMILY = "1,2";
			};
			name = Release;
		};
/* End XCBuildConfiguration section */

/* Begin XCConfigurationList section */
		062B2A662CB1AFBD00AD6720 /* Build configuration list for PBXProject "Introducción de la aplicación" */ = {
			isa = XCConfigurationList;
			buildConfigurations = (
				062B2A7C2CB1AFBE00AD6720 /* Debug */,
				062B2A7D2CB1AFBE00AD6720 /* Release */,
			);
			defaultConfigurationIsVisible = 0;
			defaultConfigurationName = Release;
		};
		062B2A7E2CB1AFBE00AD6720 /* Build configuration list for PBXNativeTarget "Introducción de la aplicación" */ = {
			isa = XCConfigurationList;
			buildConfigurations = (
				062B2A7F2CB1AFBE00AD6720 /* Debug */,
				062B2A802CB1AFBE00AD6720 /* Release */,
			);
			defaultConfigurationIsVisible = 0;
			defaultConfigurationName = Release;
		};
/* End XCConfigurationList section */

/* Begin XCVersionGroup section */
		062B2A792CB1AFBE00AD6720 /* exo.xcdatamodeld */ = {
			isa = XCVersionGroup;
			children = (
				062B2A7A2CB1AFBE00AD6720 /* exo.xcdatamodel */,
			);
			currentVersion = 062B2A7A2CB1AFBE00AD6720 /* exo.xcdatamodel */;
			path = exo.xcdatamodeld;
			sourceTree = "<group>";
			versionGroupType = wrapper.xcdatamodel;
		};
/* End XCVersionGroup section */
	};
	rootObject = 062B2A632CB1AFBD00AD6720 /* Project object */;
}
